github.com/blicero/guang v0.0.0-20240604164038-676ba647ce91 h1:0znyzrT3RfrbDWpD9qQSpI8v7FSp/ivBxP9/vRbGy8w=
github.com/blicero/guang v0.0.0-20240604164038-676ba647ce91/go.mod h1:cp2vi6wEgAO92ydQfDK2UGuKQAJCfX5knzF3IP56pD8=
github.com/blicero/krylib v0.0.0-20240614192333-8069b4168e7c h1:xHcMS5+vQ7x50kksl+JY+tk+CmhusQcHzoVYEeAsxls=
github.com/blicero/krylib v0.0.0-20240614192333-8069b4168e7c/go.mod h1:gdk/cGEYmmPxCWUnKDJNE1FytWYGaNjDMdtWQFtpSjA=
github.com/blicero/krylib v0.2.1 h1:m6BZF7J5p96AacvXm1Ut5XKLZXgwi5SCy0bk22umKqQ=
github.com/blicero/krylib v0.2.1/go.mod h1:gdk/cGEYmmPxCWUnKDJNE1FytWYGaNjDMdtWQFtpSjA=
github.com/hashicorp/logutils v1.0.0 h1:dLEQVugN8vlakKOUE3ihGLTZJRB4j+M2cdTm/ORI65Y=
github.com/hashicorp/logutils v1.0.0/go.mod h1:QIAnNjmIWmVIIkWDTG1z5v++HQmx9WQRO+LraFDTW64=
github.com/mattn/go-sqlite3 v1.14.22 h1:2gZY6PC6kBnID23Tichd1K+Z0oS6nE/XwU+Vz/5o4kU=
github.com/mattn/go-sqlite3 v1.14.22/go.mod h1:Uh1q+B4BYcTPb+yiD3kU8Ct7aC0hY9fxUwlHK0RXw+Y=
github.com/odeke-em/go-uuid v0.0.0-20151221120446-b211d769a9aa h1:XEhClAZN5U0GUTFRgRdPNgAKO4mP++S+zbqXH+Pr9nU=
github.com/odeke-em/go-uuid v0.0.0-20151221120446-b211d769a9aa/go.mod h1:omlfAqAAOXYL53jxw8wG+G2xH7NqbkJPlDeGP9YpP6g=
